{"SurveyEntry":{"SurveyID":"SV_3dEQDqNJRtbZzIa","SurveyName":"Untitled project","SurveyDescription":null,"SurveyOwnerID":"UR_aWsDrdZpestV0Hk","SurveyBrandID":"hku","DivisionID":null,"SurveyLanguage":"EN-GB","SurveyActiveResponseSet":"RS_b90eFpqhw1Y4gsu","SurveyStatus":"Inactive","SurveyStartDate":"0000-00-00 00:00:00","SurveyExpirationDate":"0000-00-00 00:00:00","SurveyCreationDate":"2022-04-22 08:18:40","CreatorID":"UR_aWsDrdZpestV0Hk","LastModified":"2022-04-22 09:41:58","LastAccessed":"0000-00-00 00:00:00","LastActivated":"0000-00-00 00:00:00","Deleted":null},"SurveyElements":[{"SurveyID":"SV_3dEQDqNJRtbZzIa","Element":"BL","PrimaryAttribute":"Survey Blocks","SecondaryAttribute":null,"TertiaryAttribute":null,"Payload":{"1":{"Type":"Trash","Description":"Bin\/Unused Questions","ID":"BL_1AFMx2ufHegNwMe","BlockElements":[]},"2":{"Type":"Standard","SubType":"","Description":"title","ID":"BL_2fU2wJCAGsmtKJg","BlockElements":[{"Type":"Question","QuestionID":"QID2"}],"Options":{"BlockLocking":false,"RandomizeQuestions":"false","PreviousButton":"","previousButtonMID":"","NextButton":"Begin","nextButtonMID":"","previousButtonLibraryID":"","nextButtonLibraryID":""}}}},{"SurveyID":"SV_3dEQDqNJRtbZzIa","Element":"FL","PrimaryAttribute":"Survey Flow","SecondaryAttribute":null,"TertiaryAttribute":null,"Payload":{"Flow":[{"ID":"BL_2fU2wJCAGsmtKJg","Type":"Standard","FlowID":"FL_3"}],"Properties":{"Count":3},"FlowID":"FL_1","Type":"Root"}},{"SurveyID":"SV_3dEQDqNJRtbZzIa","Element":"SO","PrimaryAttribute":"Survey Options","SecondaryAttribute":null,"TertiaryAttribute":null,"Payload":{"BackButton":"false","SaveAndContinue":"true","SurveyProtection":"PublicSurvey","BallotBoxStuffingPrevention":"false","NoIndex":"Yes","SecureResponseFiles":"true","SurveyExpiration":"None","SurveyTermination":"DefaultMessage","Header":"","Footer":"","ProgressBarDisplay":"None","PartialData":"+1 week","ValidationMessage":"","PreviousButton":"","NextButton":"","SurveyTitle":"Qualtrics Survey | Qualtrics Experience Management","SkinLibrary":"hku","SkinType":"templated","Skin":{"brandingId":null,"templateId":"*2014","overrides":null},"NewScoring":1,"SurveyName":"Untitled project"}},{"SurveyID":"SV_3dEQDqNJRtbZzIa","Element":"SCO","PrimaryAttribute":"Scoring","SecondaryAttribute":null,"TertiaryAttribute":null,"Payload":{"ScoringCategories":[],"ScoringCategoryGroups":[],"ScoringSummaryCategory":null,"ScoringSummaryAfterQuestions":0,"ScoringSummaryAfterSurvey":0,"DefaultScoringCategory":null,"AutoScoringCategory":null}},{"SurveyID":"SV_3dEQDqNJRtbZzIa","Element":"PROJ","PrimaryAttribute":"CORE","SecondaryAttribute":null,"TertiaryAttribute":"1.1.0","Payload":{"ProjectCategory":"CORE","SchemaVersion":"1.1.0"}},{"SurveyID":"SV_3dEQDqNJRtbZzIa","Element":"STAT","PrimaryAttribute":"Survey Statistics","SecondaryAttribute":null,"TertiaryAttribute":null,"Payload":{"MobileCompatible":true,"ID":"Survey Statistics"}},{"SurveyID":"SV_3dEQDqNJRtbZzIa","Element":"QC","PrimaryAttribute":"Survey Question Count","SecondaryAttribute":"2","TertiaryAttribute":null,"Payload":null},{"SurveyID":"SV_3dEQDqNJRtbZzIa","Element":"RS","PrimaryAttribute":"RS_b90eFpqhw1Y4gsu","SecondaryAttribute":"Default Response Set","TertiaryAttribute":null,"Payload":null},{"SurveyID":"SV_3dEQDqNJRtbZzIa","Element":"SQ","PrimaryAttribute":"QID2","SecondaryAttribute":"Language Development Lab Department of Linguistics \u00a0 [TITLE] \u00a0 This study is conducted by the Lan.","TertiaryAttribute":null,"Payload":{"QuestionText":"<header><div style=\"max-height:72px;width:100%;display:block;\"><img width=\"210\" style=\"max-height:72px;width:100%\" src=\"https:\/\/raw.githubusercontent.com\/awcaxttrgr\/ldl_qualtricsUI\/main\/images\/logo_CE_C_svg_small.svg\"><\/div>\n<div style=\"text-align:center\"><small>Language Development Lab<br> Department of Linguistics<\/small><\/div><\/header>\n&nbsp;\n\n<h1 style=\"text-align:center\"><b>[TITLE]<\/b><\/h1>\n&nbsp;\n\n<p>This study is conducted by the Language Development Lab, Department of Linguistics.<\/p>\n\n<p>For any enquiries, please contact [NAME] (Email: [EMAIL]).<\/p>\n\n<footer><small>Approved by the Human Research Ethics Committee (HREC) of the University of Hong Kong ([HREC CODE])<\/small><\/footer>","DefaultChoices":false,"QuestionType":"DB","Selector":"TB","Configuration":{"QuestionDescriptionOption":"UseText"},"QuestionDescription":"Language Development Lab Department of Linguistics \u00a0 [TITLE] \u00a0 This study is conducted by the Lan...","ChoiceOrder":[],"Validation":{"Settings":{"Type":"None"}},"GradingData":[],"Language":[],"NextChoiceId":4,"NextAnswerId":1,"DataVisibility":{"Private":false,"Hidden":false},"QuestionText_Unsafe":"<header><div style=\"max-height:72px;width:100%;display:block;\"><img width=\"210\" style=\"max-height:72px;width:100%\" src=\"https:\/\/raw.githubusercontent.com\/awcaxttrgr\/ldl_qualtricsUI\/main\/images\/logo_CE_C_svg_small.svg\"><\/div>\n<div style=\"text-align:center\"><small>Language Development Lab<br> Department of Linguistics<\/small><\/div><\/header>\n&nbsp;\n\n<h1 style=\"text-align:center\"><b>[TITLE]<\/b><\/h1>\n&nbsp;\n\n<p>This study is conducted by the Language Development Lab, Department of Linguistics.<\/p>\n\n<p>For any enquiries, please contact [NAME] (Email: [EMAIL]).<\/p>\n\n<footer><small>Approved by the Human Research Ethics Committee (HREC) of the University of Hong Kong ([HREC CODE])<\/small><\/footer>","DataExportTag":"title","QuestionID":"QID2"}}]}